// !$*UTF8*$!
{
	archiveVersion = 1;
	classes = {
	};
	objectVersion = 51;
	objects = {

/* Begin PBXBuildFile section */
		69C15205907A905A844A0B94 /* Pods_IG_Clone_MVC.framework in Frameworks */ = {isa = PBXBuildFile; fileRef = 026A8F7E2DCAF83098C24626 /* Pods_IG_Clone_MVC.framework */; };
		84170E3D25BC2AFF0069BB01 /* FeedsTableViewCell.swift in Sources */ = {isa = PBXBuildFile; fileRef = 84170E3B25BC2AFF0069BB01 /* FeedsTableViewCell.swift */; };
		84170E4125BC61D80069BB01 /* FeedsTableViewCell.xib in Resources */ = {isa = PBXBuildFile; fileRef = 84170E4025BC61D80069BB01 /* FeedsTableViewCell.xib */; };
		84A8080725BBBF70008FB878 /* AppDelegate.swift in Sources */ = {isa = PBXBuildFile; fileRef = 84A8080625BBBF70008FB878 /* AppDelegate.swift */; };
		84A8080925BBBF70008FB878 /* SceneDelegate.swift in Sources */ = {isa = PBXBuildFile; fileRef = 84A8080825BBBF70008FB878 /* SceneDelegate.swift */; };
		84A8080B25BBBF70008FB878 /* FeedsViewController.swift in Sources */ = {isa = PBXBuildFile; fileRef = 84A8080A25BBBF70008FB878 /* FeedsViewController.swift */; };
		84A8081025BBBF72008FB878 /* Assets.xcassets in Resources */ = {isa = PBXBuildFile; fileRef = 84A8080F25BBBF72008FB878 /* Assets.xcassets */; };
		84A8081325BBBF72008FB878 /* LaunchScreen.storyboard in Resources */ = {isa = PBXBuildFile; fileRef = 84A8081125BBBF72008FB878 /* LaunchScreen.storyboard */; };
		84A8081E25BBC53C008FB878 /* FeedsView.swift in Sources */ = {isa = PBXBuildFile; fileRef = 84A8081D25BBC53C008FB878 /* FeedsView.swift */; };
		84A8082225BBEB51008FB878 /* Icons.swift in Sources */ = {isa = PBXBuildFile; fileRef = 84A8082125BBEB51008FB878 /* Icons.swift */; };
		84AE161E25BD40CA003DE7E3 /* StoryTableViewCell.swift in Sources */ = {isa = PBXBuildFile; fileRef = 84AE161C25BD40CA003DE7E3 /* StoryTableViewCell.swift */; };
		84AE161F25BD40CA003DE7E3 /* StoryTableViewCell.xib in Resources */ = {isa = PBXBuildFile; fileRef = 84AE161D25BD40CA003DE7E3 /* StoryTableViewCell.xib */; };
		84AE162325BD46CC003DE7E3 /* StoryCollectionViewCell.swift in Sources */ = {isa = PBXBuildFile; fileRef = 84AE162125BD46CC003DE7E3 /* StoryCollectionViewCell.swift */; };
		84AE162425BD46CC003DE7E3 /* StoryCollectionViewCell.xib in Resources */ = {isa = PBXBuildFile; fileRef = 84AE162225BD46CC003DE7E3 /* StoryCollectionViewCell.xib */; };
/* End PBXBuildFile section */

/* Begin PBXFileReference section */
		026A8F7E2DCAF83098C24626 /* Pods_IG_Clone_MVC.framework */ = {isa = PBXFileReference; explicitFileType = wrapper.framework; includeInIndex = 0; path = Pods_IG_Clone_MVC.framework; sourceTree = BUILT_PRODUCTS_DIR; };
		0C6C32377747BB4FF446E6A8 /* Pods-IG_Clone_MVC.debug.xcconfig */ = {isa = PBXFileReference; includeInIndex = 1; lastKnownFileType = text.xcconfig; name = "Pods-IG_Clone_MVC.debug.xcconfig"; path = "Target Support Files/Pods-IG_Clone_MVC/Pods-IG_Clone_MVC.debug.xcconfig"; sourceTree = "<group>"; };
		19F32392828BC749B7619242 /* Pods-IG_Clone_MVC.release.xcconfig */ = {isa = PBXFileReference; includeInIndex = 1; lastKnownFileType = text.xcconfig; name = "Pods-IG_Clone_MVC.release.xcconfig"; path = "Target Support Files/Pods-IG_Clone_MVC/Pods-IG_Clone_MVC.release.xcconfig"; sourceTree = "<group>"; };
		84170E3B25BC2AFF0069BB01 /* FeedsTableViewCell.swift */ = {isa = PBXFileReference; lastKnownFileType = sourcecode.swift; path = FeedsTableViewCell.swift; sourceTree = "<group>"; };
		84170E4025BC61D80069BB01 /* FeedsTableViewCell.xib */ = {isa = PBXFileReference; lastKnownFileType = file.xib; path = FeedsTableViewCell.xib; sourceTree = "<group>"; };
		84A8080325BBBF70008FB878 /* IG_Clone_MVC.app */ = {isa = PBXFileReference; explicitFileType = wrapper.application; includeInIndex = 0; path = IG_Clone_MVC.app; sourceTree = BUILT_PRODUCTS_DIR; };
		84A8080625BBBF70008FB878 /* AppDelegate.swift */ = {isa = PBXFileReference; lastKnownFileType = sourcecode.swift; path = AppDelegate.swift; sourceTree = "<group>"; };
		84A8080825BBBF70008FB878 /* SceneDelegate.swift */ = {isa = PBXFileReference; lastKnownFileType = sourcecode.swift; path = SceneDelegate.swift; sourceTree = "<group>"; };
		84A8080A25BBBF70008FB878 /* FeedsViewController.swift */ = {isa = PBXFileReference; lastKnownFileType = sourcecode.swift; path = FeedsViewController.swift; sourceTree = "<group>"; };
		84A8080F25BBBF72008FB878 /* Assets.xcassets */ = {isa = PBXFileReference; lastKnownFileType = folder.assetcatalog; path = Assets.xcassets; sourceTree = "<group>"; };
		84A8081225BBBF72008FB878 /* Base */ = {isa = PBXFileReference; lastKnownFileType = file.storyboard; name = Base; path = Base.lproj/LaunchScreen.storyboard; sourceTree = "<group>"; };
		84A8081425BBBF72008FB878 /* Info.plist */ = {isa = PBXFileReference; lastKnownFileType = text.plist.xml; path = Info.plist; sourceTree = "<group>"; };
		84A8081D25BBC53C008FB878 /* FeedsView.swift */ = {isa = PBXFileReference; lastKnownFileType = sourcecode.swift; path = FeedsView.swift; sourceTree = "<group>"; };
		84A8082125BBEB51008FB878 /* Icons.swift */ = {isa = PBXFileReference; lastKnownFileType = sourcecode.swift; path = Icons.swift; sourceTree = "<group>"; };
		84AE161C25BD40CA003DE7E3 /* StoryTableViewCell.swift */ = {isa = PBXFileReference; lastKnownFileType = sourcecode.swift; path = StoryTableViewCell.swift; sourceTree = "<group>"; };
		84AE161D25BD40CA003DE7E3 /* StoryTableViewCell.xib */ = {isa = PBXFileReference; lastKnownFileType = file.xib; path = StoryTableViewCell.xib; sourceTree = "<group>"; };
		84AE162125BD46CC003DE7E3 /* StoryCollectionViewCell.swift */ = {isa = PBXFileReference; lastKnownFileType = sourcecode.swift; path = StoryCollectionViewCell.swift; sourceTree = "<group>"; };
		84AE162225BD46CC003DE7E3 /* StoryCollectionViewCell.xib */ = {isa = PBXFileReference; lastKnownFileType = file.xib; path = StoryCollectionViewCell.xib; sourceTree = "<group>"; };
/* End PBXFileReference section */

/* Begin PBXFrameworksBuildPhase section */
		84A8080025BBBF70008FB878 /* Frameworks */ = {
			isa = PBXFrameworksBuildPhase;
			buildActionMask = 2147483647;
			files = (
				69C15205907A905A844A0B94 /* Pods_IG_Clone_MVC.framework in Frameworks */,
			);
			runOnlyForDeploymentPostprocessing = 0;
		};
/* End PBXFrameworksBuildPhase section */

/* Begin PBXGroup section */
		44DB1D4F570704BFC3D05F71 /* Frameworks */ = {
			isa = PBXGroup;
			children = (
				026A8F7E2DCAF83098C24626 /* Pods_IG_Clone_MVC.framework */,
			);
			name = Frameworks;
			sourceTree = "<group>";
		};
		7B9B890DEB1B0F57E3FEF23B /* Pods */ = {
			isa = PBXGroup;
			children = (
				0C6C32377747BB4FF446E6A8 /* Pods-IG_Clone_MVC.debug.xcconfig */,
				19F32392828BC749B7619242 /* Pods-IG_Clone_MVC.release.xcconfig */,
			);
			path = Pods;
			sourceTree = "<group>";
		};
		84170E3825BC26A00069BB01 /* Feeds */ = {
			isa = PBXGroup;
			children = (
				84A8080A25BBBF70008FB878 /* FeedsViewController.swift */,
			);
			path = Feeds;
			sourceTree = "<group>";
		};
		84170E3A25BC26D20069BB01 /* Feeds */ = {
			isa = PBXGroup;
			children = (
				84A8081D25BBC53C008FB878 /* FeedsView.swift */,
				84170E3F25BC607C0069BB01 /* FeedsTableViewCell */,
				84AE162025BD40D1003DE7E3 /* StoryTableViewCell */,
				84AE162525BD46D9003DE7E3 /* StoryCell */,
			);
			path = Feeds;
			sourceTree = "<group>";
		};
		84170E3F25BC607C0069BB01 /* FeedsTableViewCell */ = {
			isa = PBXGroup;
			children = (
				84170E3B25BC2AFF0069BB01 /* FeedsTableViewCell.swift */,
				84170E4025BC61D80069BB01 /* FeedsTableViewCell.xib */,
			);
			path = FeedsTableViewCell;
			sourceTree = "<group>";
		};
		84A807FA25BBBF70008FB878 = {
			isa = PBXGroup;
			children = (
				84A8080525BBBF70008FB878 /* IG_Clone_MVC */,
				84A8080425BBBF70008FB878 /* Products */,
				7B9B890DEB1B0F57E3FEF23B /* Pods */,
				44DB1D4F570704BFC3D05F71 /* Frameworks */,
			);
			sourceTree = "<group>";
		};
		84A8080425BBBF70008FB878 /* Products */ = {
			isa = PBXGroup;
			children = (
				84A8080325BBBF70008FB878 /* IG_Clone_MVC.app */,
			);
			name = Products;
			sourceTree = "<group>";
		};
		84A8080525BBBF70008FB878 /* IG_Clone_MVC */ = {
			isa = PBXGroup;
			children = (
				84A8082025BBEB2B008FB878 /* Support-Lib */,
				84A8081C25BBC419008FB878 /* Controller */,
				84A8081B25BBC40B008FB878 /* View */,
				84A8081A25BBC400008FB878 /* Model */,
				84A8081F25BBE7A2008FB878 /* Delegates */,
				84A8080F25BBBF72008FB878 /* Assets.xcassets */,
				84A8081125BBBF72008FB878 /* LaunchScreen.storyboard */,
				84A8081425BBBF72008FB878 /* Info.plist */,
			);
			path = IG_Clone_MVC;
			sourceTree = "<group>";
		};
		84A8081A25BBC400008FB878 /* Model */ = {
			isa = PBXGroup;
			children = (
			);
			path = Model;
			sourceTree = "<group>";
		};
		84A8081B25BBC40B008FB878 /* View */ = {
			isa = PBXGroup;
			children = (
				84170E3A25BC26D20069BB01 /* Feeds */,
			);
			path = View;
			sourceTree = "<group>";
		};
		84A8081C25BBC419008FB878 /* Controller */ = {
			isa = PBXGroup;
			children = (
				84170E3825BC26A00069BB01 /* Feeds */,
			);
			path = Controller;
			sourceTree = "<group>";
		};
		84A8081F25BBE7A2008FB878 /* Delegates */ = {
			isa = PBXGroup;
			children = (
				84A8080625BBBF70008FB878 /* AppDelegate.swift */,
				84A8080825BBBF70008FB878 /* SceneDelegate.swift */,
			);
			path = Delegates;
			sourceTree = "<group>";
		};
		84A8082025BBEB2B008FB878 /* Support-Lib */ = {
			isa = PBXGroup;
			children = (
				84A8082125BBEB51008FB878 /* Icons.swift */,
			);
			path = "Support-Lib";
			sourceTree = "<group>";
		};
		84AE162025BD40D1003DE7E3 /* StoryTableViewCell */ = {
			isa = PBXGroup;
			children = (
				84AE161C25BD40CA003DE7E3 /* StoryTableViewCell.swift */,
				84AE161D25BD40CA003DE7E3 /* StoryTableViewCell.xib */,
			);
			path = StoryTableViewCell;
			sourceTree = "<group>";
		};
		84AE162525BD46D9003DE7E3 /* StoryCell */ = {
			isa = PBXGroup;
			children = (
				84AE162125BD46CC003DE7E3 /* StoryCollectionViewCell.swift */,
				84AE162225BD46CC003DE7E3 /* StoryCollectionViewCell.xib */,
			);
			path = StoryCell;
			sourceTree = "<group>";
		};
/* End PBXGroup section */

/* Begin PBXNativeTarget section */
		84A8080225BBBF70008FB878 /* IG_Clone_MVC */ = {
			isa = PBXNativeTarget;
			buildConfigurationList = 84A8081725BBBF72008FB878 /* Build configuration list for PBXNativeTarget "IG_Clone_MVC" */;
			buildPhases = (
				A6A7248FA93CDAB2403E9E8B /* [CP] Check Pods Manifest.lock */,
				84A807FF25BBBF70008FB878 /* Sources */,
				84A8080025BBBF70008FB878 /* Frameworks */,
				84A8080125BBBF70008FB878 /* Resources */,
				CCA8B6CC9F13A8D7E13A0596 /* [CP] Embed Pods Frameworks */,
			);
			buildRules = (
			);
			dependencies = (
			);
			name = IG_Clone_MVC;
			productName = IG_Clone_MVC;
			productReference = 84A8080325BBBF70008FB878 /* IG_Clone_MVC.app */;
			productType = "com.apple.product-type.application";
		};
/* End PBXNativeTarget section */

/* Begin PBXProject section */
		84A807FB25BBBF70008FB878 /* Project object */ = {
			isa = PBXProject;
			attributes = {
				LastSwiftUpdateCheck = 1140;
				LastUpgradeCheck = 1140;
				ORGANIZATIONNAME = "Success Resource Pte Ltd.";
				TargetAttributes = {
					84A8080225BBBF70008FB878 = {
						CreatedOnToolsVersion = 11.4.1;
					};
				};
			};
			buildConfigurationList = 84A807FE25BBBF70008FB878 /* Build configuration list for PBXProject "IG_Clone_MVC" */;
			compatibilityVersion = "Xcode 9.3";
			developmentRegion = en;
			hasScannedForEncodings = 0;
			knownRegions = (
				en,
				Base,
			);
			mainGroup = 84A807FA25BBBF70008FB878;
			productRefGroup = 84A8080425BBBF70008FB878 /* Products */;
			projectDirPath = "";
			projectRoot = "";
			targets = (
				84A8080225BBBF70008FB878 /* IG_Clone_MVC */,
			);
		};
/* End PBXProject section */

/* Begin PBXResourcesBuildPhase section */
		84A8080125BBBF70008FB878 /* Resources */ = {
			isa = PBXResourcesBuildPhase;
			buildActionMask = 2147483647;
			files = (
				84A8081325BBBF72008FB878 /* LaunchScreen.storyboard in Resources */,
				84AE162425BD46CC003DE7E3 /* StoryCollectionViewCell.xib in Resources */,
				84A8081025BBBF72008FB878 /* Assets.xcassets in Resources */,
				84170E4125BC61D80069BB01 /* FeedsTableViewCell.xib in Resources */,
				84AE161F25BD40CA003DE7E3 /* StoryTableViewCell.xib in Resources */,
			);
			runOnlyForDeploymentPostprocessing = 0;
		};
/* End PBXResourcesBuildPhase section */

/* Begin PBXShellScriptBuildPhase section */
		A6A7248FA93CDAB2403E9E8B /* [CP] Check Pods Manifest.lock */ = {
			isa = PBXShellScriptBuildPhase;
			buildActionMask = 2147483647;
			files = (
			);
			inputFileListPaths = (
			);
			inputPaths = (
				"${PODS_PODFILE_DIR_PATH}/Podfile.lock",
				"${PODS_ROOT}/Manifest.lock",
			);
			name = "[CP] Check Pods Manifest.lock";
			outputFileListPaths = (
			);
			outputPaths = (
				"$(DERIVED_FILE_DIR)/Pods-IG_Clone_MVC-checkManifestLockResult.txt",
			);
			runOnlyForDeploymentPostprocessing = 0;
			shellPath = /bin/sh;
			shellScript = "diff \"${PODS_PODFILE_DIR_PATH}/Podfile.lock\" \"${PODS_ROOT}/Manifest.lock\" > /dev/null\nif [ $? != 0 ] ; then\n    # print error to STDERR\n    echo \"error: The sandbox is not in sync with the Podfile.lock. Run 'pod install' or update your CocoaPods installation.\" >&2\n    exit 1\nfi\n# This output is used by Xcode 'outputs' to avoid re-running this script phase.\necho \"SUCCESS\" > \"${SCRIPT_OUTPUT_FILE_0}\"\n";
			showEnvVarsInLog = 0;
		};
		CCA8B6CC9F13A8D7E13A0596 /* [CP] Embed Pods Frameworks */ = {
			isa = PBXShellScriptBuildPhase;
			buildActionMask = 2147483647;
			files = (
			);
			inputFileListPaths = (
				"${PODS_ROOT}/Target Support Files/Pods-IG_Clone_MVC/Pods-IG_Clone_MVC-frameworks-${CONFIGURATION}-input-files.xcfilelist",
			);
			name = "[CP] Embed Pods Frameworks";
			outputFileListPaths = (
				"${PODS_ROOT}/Target Support Files/Pods-IG_Clone_MVC/Pods-IG_Clone_MVC-frameworks-${CONFIGURATION}-output-files.xcfilelist",
			);
			runOnlyForDeploymentPostprocessing = 0;
			shellPath = /bin/sh;
			shellScript = "\"${PODS_ROOT}/Target Support Files/Pods-IG_Clone_MVC/Pods-IG_Clone_MVC-frameworks.sh\"\n";
			showEnvVarsInLog = 0;
		};
/* End PBXShellScriptBuildPhase section */

/* Begin PBXSourcesBuildPhase section */
		84A807FF25BBBF70008FB878 /* Sources */ = {
			isa = PBXSourcesBuildPhase;
			buildActionMask = 2147483647;
			files = (
				84AE162325BD46CC003DE7E3 /* StoryCollectionViewCell.swift in Sources */,
				84A8081E25BBC53C008FB878 /* FeedsView.swift in Sources */,
				84170E3D25BC2AFF0069BB01 /* FeedsTableViewCell.swift in Sources */,
				84A8080B25BBBF70008FB878 /* FeedsViewController.swift in Sources */,
				84A8080725BBBF70008FB878 /* AppDelegate.swift in Sources */,
				84A8082225BBEB51008FB878 /* Icons.swift in Sources */,
				84A8080925BBBF70008FB878 /* SceneDelegate.swift in Sources */,
				84AE161E25BD40CA003DE7E3 /* StoryTableViewCell.swift in Sources */,
			);
			runOnlyForDeploymentPostprocessing = 0;
		};
/* End PBXSourcesBuildPhase section */

/* Begin PBXVariantGroup section */
		84A8081125BBBF72008FB878 /* LaunchScreen.storyboard */ = {
			isa = PBXVariantGroup;
			children = (
				84A8081225BBBF72008FB878 /* Base */,
			);
			name = LaunchScreen.storyboard;
			sourceTree = "<group>";
		};
/* End PBXVariantGroup section */

/* Begin XCBuildConfiguration section */
		84A8081525BBBF72008FB878 /* Debug */ = {
			isa = XCBuildConfiguration;
			buildSettings = {
				ALWAYS_SEARCH_USER_PATHS = NO;
				CLANG_ANALYZER_NONNULL = YES;
				CLANG_ANALYZER_NUMBER_OBJECT_CONVERSION = YES_AGGRESSIVE;
				CLANG_CXX_LANGUAGE_STANDARD = "gnu++14";
				CLANG_CXX_LIBRARY = "libc++";
				CLANG_ENABLE_MODULES = YES;
				CLANG_ENABLE_OBJC_ARC = YES;
				CLANG_ENABLE_OBJC_WEAK = YES;
				CLANG_WARN_BLOCK_CAPTURE_AUTORELEASING = YES;
				CLANG_WARN_BOOL_CONVERSION = YES;
				CLANG_WARN_COMMA = YES;
				CLANG_WARN_CONSTANT_CONVERSION = YES;
				CLANG_WARN_DEPRECATED_OBJC_IMPLEMENTATIONS = YES;
				CLANG_WARN_DIRECT_OBJC_ISA_USAGE = YES_ERROR;
				CLANG_WARN_DOCUMENTATION_COMMENTS = YES;
				CLANG_WARN_EMPTY_BODY = YES;
				CLANG_WARN_ENUM_CONVERSION = YES;
				CLANG_WARN_INFINITE_RECURSION = YES;
				CLANG_WARN_INT_CONVERSION = YES;
				CLANG_WARN_NON_LITERAL_NULL_CONVERSION = YES;
				CLANG_WARN_OBJC_IMPLICIT_RETAIN_SELF = YES;
				CLANG_WARN_OBJC_LITERAL_CONVERSION = YES;
				CLANG_WARN_OBJC_ROOT_CLASS = YES_ERROR;
				CLANG_WARN_RANGE_LOOP_ANALYSIS = YES;
				CLANG_WARN_STRICT_PROTOTYPES = YES;
				CLANG_WARN_SUSPICIOUS_MOVE = YES;
				CLANG_WARN_UNGUARDED_AVAILABILITY = YES_AGGRESSIVE;
				CLANG_WARN_UNREACHABLE_CODE = YES;
				CLANG_WARN__DUPLICATE_METHOD_MATCH = YES;
				COPY_PHASE_STRIP = NO;
				DEBUG_INFORMATION_FORMAT = dwarf;
				ENABLE_STRICT_OBJC_MSGSEND = YES;
				ENABLE_TESTABILITY = YES;
				GCC_C_LANGUAGE_STANDARD = gnu11;
				GCC_DYNAMIC_NO_PIC = NO;
				GCC_NO_COMMON_BLOCKS = YES;
				GCC_OPTIMIZATION_LEVEL = 0;
				GCC_PREPROCESSOR_DEFINITIONS = (
					"DEBUG=1",
					"$(inherited)",
				);
				GCC_WARN_64_TO_32_BIT_CONVERSION = YES;
				GCC_WARN_ABOUT_RETURN_TYPE = YES_ERROR;
				GCC_WARN_UNDECLARED_SELECTOR = YES;
				GCC_WARN_UNINITIALIZED_AUTOS = YES_AGGRESSIVE;
				GCC_WARN_UNUSED_FUNCTION = YES;
				GCC_WARN_UNUSED_VARIABLE = YES;
				IPHONEOS_DEPLOYMENT_TARGET = 13.4;
				MTL_ENABLE_DEBUG_INFO = INCLUDE_SOURCE;
				MTL_FAST_MATH = YES;
				ONLY_ACTIVE_ARCH = YES;
				SDKROOT = iphoneos;
				SWIFT_ACTIVE_COMPILATION_CONDITIONS = DEBUG;
				SWIFT_OPTIMIZATION_LEVEL = "-Onone";
			};
			name = Debug;
		};
		84A8081625BBBF72008FB878 /* Release */ = {
			isa = XCBuildConfiguration;
			buildSettings = {
				ALWAYS_SEARCH_USER_PATHS = NO;
				CLANG_ANALYZER_NONNULL = YES;
				CLANG_ANALYZER_NUMBER_OBJECT_CONVERSION = YES_AGGRESSIVE;
				CLANG_CXX_LANGUAGE_STANDARD = "gnu++14";
				CLANG_CXX_LIBRARY = "libc++";
				CLANG_ENABLE_MODULES = YES;
				CLANG_ENABLE_OBJC_ARC = YES;
				CLANG_ENABLE_OBJC_WEAK = YES;
				CLANG_WARN_BLOCK_CAPTURE_AUTORELEASING = YES;
				CLANG_WARN_BOOL_CONVERSION = YES;
				CLANG_WARN_COMMA = YES;
				CLANG_WARN_CONSTANT_CONVERSION = YES;
				CLANG_WARN_DEPRECATED_OBJC_IMPLEMENTATIONS = YES;
				CLANG_WARN_DIRECT_OBJC_ISA_USAGE = YES_ERROR;
				CLANG_WARN_DOCUMENTATION_COMMENTS = YES;
				CLANG_WARN_EMPTY_BODY = YES;
				CLANG_WARN_ENUM_CONVERSION = YES;
				CLANG_WARN_INFINITE_RECURSION = YES;
				CLANG_WARN_INT_CONVERSION = YES;
				CLANG_WARN_NON_LITERAL_NULL_CONVERSION = YES;
				CLANG_WARN_OBJC_IMPLICIT_RETAIN_SELF = YES;
				CLANG_WARN_OBJC_LITERAL_CONVERSION = YES;
				CLANG_WARN_OBJC_ROOT_CLASS = YES_ERROR;
				CLANG_WARN_RANGE_LOOP_ANALYSIS = YES;
				CLANG_WARN_STRICT_PROTOTYPES = YES;
				CLANG_WARN_SUSPICIOUS_MOVE = YES;
				CLANG_WARN_UNGUARDED_AVAILABILITY = YES_AGGRESSIVE;
				CLANG_WARN_UNREACHABLE_CODE = YES;
				CLANG_WARN__DUPLICATE_METHOD_MATCH = YES;
				COPY_PHASE_STRIP = NO;
				DEBUG_INFORMATION_FORMAT = "dwarf-with-dsym";
				ENABLE_NS_ASSERTIONS = NO;
				ENABLE_STRICT_OBJC_MSGSEND = YES;
				GCC_C_LANGUAGE_STANDARD = gnu11;
				GCC_NO_COMMON_BLOCKS = YES;
				GCC_WARN_64_TO_32_BIT_CONVERSION = YES;
				GCC_WARN_ABOUT_RETURN_TYPE = YES_ERROR;
				GCC_WARN_UNDECLARED_SELECTOR = YES;
				GCC_WARN_UNINITIALIZED_AUTOS = YES_AGGRESSIVE;
				GCC_WARN_UNUSED_FUNCTION = YES;
				GCC_WARN_UNUSED_VARIABLE = YES;
				IPHONEOS_DEPLOYMENT_TARGET = 13.4;
				MTL_ENABLE_DEBUG_INFO = NO;
				MTL_FAST_MATH = YES;
				SDKROOT = iphoneos;
				SWIFT_COMPILATION_MODE = wholemodule;
				SWIFT_OPTIMIZATION_LEVEL = "-O";
				VALIDATE_PRODUCT = YES;
			};
			name = Release;
		};
		84A8081825BBBF72008FB878 /* Debug */ = {
			isa = XCBuildConfiguration;
			baseConfigurationReference = 0C6C32377747BB4FF446E6A8 /* Pods-IG_Clone_MVC.debug.xcconfig */;
			buildSettings = {
				ASSETCATALOG_COMPILER_APPICON_NAME = AppIcon;
				CODE_SIGN_STYLE = Automatic;
				DEVELOPMENT_TEAM = H922B55M85;
				INFOPLIST_FILE = IG_Clone_MVC/Info.plist;
				LD_RUNPATH_SEARCH_PATHS = (
					"$(inherited)",
					"@executable_path/Frameworks",
				);
				PRODUCT_BUNDLE_IDENTIFIER = "com.sr.ig-mvc-clone";
				PRODUCT_NAME = "$(TARGET_NAME)";
				SWIFT_VERSION = 5.0;
				TARGETED_DEVICE_FAMILY = "1,2";
			};
			name = Debug;
		};
		84A8081925BBBF72008FB878 /* Release */ = {
			isa = XCBuildConfiguration;
			baseConfigurationReference = 19F32392828BC749B7619242 /* Pods-IG_Clone_MVC.release.xcconfig */;
			buildSettings = {
				ASSETCATALOG_COMPILER_APPICON_NAME = AppIcon;
				CODE_SIGN_STYLE = Automatic;
				DEVELOPMENT_TEAM = H922B55M85;
				INFOPLIST_FILE = IG_Clone_MVC/Info.plist;
				LD_RUNPATH_SEARCH_PATHS = (
					"$(inherited)",
					"@executable_path/Frameworks",
				);
				PRODUCT_BUNDLE_IDENTIFIER = "com.sr.ig-mvc-clone";
				PRODUCT_NAME = "$(TARGET_NAME)";
				SWIFT_VERSION = 5.0;
				TARGETED_DEVICE_FAMILY = "1,2";
			};
			name = Release;
		};
/* End XCBuildConfiguration section */

/* Begin XCConfigurationList section */
		84A807FE25BBBF70008FB878 /* Build configuration list for PBXProject "IG_Clone_MVC" */ = {
			isa = XCConfigurationList;
			buildConfigurations = (
				84A8081525BBBF72008FB878 /* Debug */,
				84A8081625BBBF72008FB878 /* Release */,
			);
			defaultConfigurationIsVisible = 0;
			defaultConfigurationName = Release;
		};
		84A8081725BBBF72008FB878 /* Build configuration list for PBXNativeTarget "IG_Clone_MVC" */ = {
			isa = XCConfigurationList;
			buildConfigurations = (
				84A8081825BBBF72008FB878 /* Debug */,
				84A8081925BBBF72008FB878 /* Release */,
			);
			defaultConfigurationIsVisible = 0;
			defaultConfigurationName = Release;
		};
/* End XCConfigurationList section */
	};
	rootObject = 84A807FB25BBBF70008FB878 /* Project object */;
}
